
Microsoft Visual Studio Solution File, Format Version 12.00
# Visual Studio 15
VisualStudioVersion = 15.0.27703.2026
MinimumVisualStudioVersion = 10.0.40219.1
Project("{FAE04EC0-301F-11D3-BF4B-00C04F79EFBC}") = "Gc_Collect_1", "GcCollect_1\Gc_Collect_1.csproj", "{E1DB2C04-F49B-41FF-A8BE-0B3E21951AF1}"
EndProject
Project("{FAE04EC0-301F-11D3-BF4B-00C04F79EFBC}") = "Gc_Mode_1", "Gc_Mode_1\Gc_Mode_1.csproj", "{A7DEF80F-6F1D-4820-8F75-0A57F0919C6B}"
EndProject
Project("{FAE04EC0-301F-11D3-BF4B-00C04F79EFBC}") = "Exceptions_InThreadTaskHandling", "Exceptions_InThreadHandling\Exceptions_InThreadTaskHandling.csproj", "{EB5EDD37-44FD-4D41-8635-041C67F7E381}"
EndProject
Project("{FAE04EC0-301F-11D3-BF4B-00C04F79EFBC}") = "Multithreading_AsyncAwait_1", "Multithreading_AsyncAwait_1\Multithreading_AsyncAwait_1.csproj", "{9D0B1727-6CB1-4D74-9ABD-D3EDD5223010}"
EndProject
Project("{FAE04EC0-301F-11D3-BF4B-00C04F79EFBC}") = "Collections_List_1", "Collections_List_1\Collections_List_1.csproj", "{29364467-0948-4DAC-98C8-57BFAFBB3FBE}"
EndProject
Project("{FAE04EC0-301F-11D3-BF4B-00C04F79EFBC}") = "Collections_ListVsLinkedList", "Collections_ListVsLinkedList\Collections_ListVsLinkedList.csproj", "{B2840813-E714-4F94-A1F8-0F104583A418}"
EndProject
Project("{FAE04EC0-301F-11D3-BF4B-00C04F79EFBC}") = "Closures_1", "Closures_1\Closures_1.csproj", "{78BAA2CF-11B4-4EED-93FA-A9CCC919432A}"
EndProject
Project("{FAE04EC0-301F-11D3-BF4B-00C04F79EFBC}") = "Types_Equals_Interview_Maxima_Task2", "Types_Equals\Types_Equals_Interview_Maxima_Task2.csproj", "{87C5575B-95E3-4BED-84F3-BFE1D990A8F7}"
EndProject
Project("{FAE04EC0-301F-11D3-BF4B-00C04F79EFBC}") = "Out_Interview_Maxima_Task3", "Collections_Dictionary_1\Out_Interview_Maxima_Task3.csproj", "{DAC41600-7F24-4C44-9500-EF39DE1E2233}"
EndProject
Project("{2150E333-8FDC-42A3-9474-1A3956D46DE8}") = "Collections", "Collections", "{A6113465-883F-4290-9D10-7679F08BD115}"
EndProject
Project("{2150E333-8FDC-42A3-9474-1A3956D46DE8}") = "Types", "Types", "{209D1227-1B68-4386-A1D0-40037BA2D438}"
EndProject
Project("{FAE04EC0-301F-11D3-BF4B-00C04F79EFBC}") = "Interview_Maxima_Task4", "Interview_Maxima_Task4\Interview_Maxima_Task4.csproj", "{D693778D-C7CF-438B-A984-7E041285316B}"
EndProject
Project("{2150E333-8FDC-42A3-9474-1A3956D46DE8}") = "Multithreading", "Multithreading", "{C572ACDF-4A83-46CE-BF13-0DFA30183268}"
EndProject
Project("{2150E333-8FDC-42A3-9474-1A3956D46DE8}") = "Gc", "Gc", "{0DB38D75-D64F-4277-8B9D-BD21C7855286}"
EndProject
Project("{FAE04EC0-301F-11D3-BF4B-00C04F79EFBC}") = "Interview_Maxima_Task1", "Interview_Maxima_Task1\Interview_Maxima_Task1.csproj", "{624CCE4C-DA77-4F2B-8AA6-EAF0D1EC97EF}"
EndProject
Project("{FAE04EC0-301F-11D3-BF4B-00C04F79EFBC}") = "Stack_Interview_Maxima_Task5", "Stack_Interview_Maxima_Task5\Stack_Interview_Maxima_Task5.csproj", "{517B27BD-1271-4E3D-AF8C-2B5380743619}"
EndProject
Project("{2150E333-8FDC-42A3-9474-1A3956D46DE8}") = "Events", "Events", "{B364F2A1-4868-46CA-82B5-E506FD07E233}"
EndProject
Project("{FAE04EC0-301F-11D3-BF4B-00C04F79EFBC}") = "Events_Interview_Maxima_Task6", "Events_Interview_Maxima_Task6\Events_Interview_Maxima_Task6.csproj", "{DA58D7E5-DA19-4EF3-A2C5-F997E8B3A655}"
EndProject
Project("{FAE04EC0-301F-11D3-BF4B-00C04F79EFBC}") = "Interview_Maxima_Task7", "Interview_Maxima_Task7\Interview_Maxima_Task7.csproj", "{CA05B600-E5EA-406F-87E3-BA18ED7DB09B}"
EndProject
Project("{FAE04EC0-301F-11D3-BF4B-00C04F79EFBC}") = "Multithreading_TaskmanAkinshin_6_1", "Multithreading_TaskmanAkinshin_6_1\Multithreading_TaskmanAkinshin_6_1.csproj", "{56EFD4A3-52B6-4010-A2A0-2D9BE1255118}"
EndProject
Project("{FAE04EC0-301F-11D3-BF4B-00C04F79EFBC}") = "Multithreading_Closures", "Multithreading_Closures\Multithreading_Closures.csproj", "{DEF12DE6-3A99-4C30-87FE-B1ADAC2F1456}"
EndProject
Project("{FAE04EC0-301F-11D3-BF4B-00C04F79EFBC}") = "Multithreading_Exceptions", "Multithreading_Exceptions\Multithreading_Exceptions.csproj", "{8A7EBC80-EAD6-4D80-B402-2303B67F0C00}"
EndProject
Project("{FAE04EC0-301F-11D3-BF4B-00C04F79EFBC}") = "ProcessAppDomain", "ProcessAppDomain\ProcessAppDomain.csproj", "{144C13DD-6ADC-4AF2-8F63-AEDE0CC63F73}"
EndProject
Project("{FAE04EC0-301F-11D3-BF4B-00C04F79EFBC}") = "Multithreading_Signals", "Multithreading_Signals\Multithreading_Signals.csproj", "{D9FE9CF9-37F2-4618-8483-1C6731957919}"
EndProject
Global
	GlobalSection(SolutionConfigurationPlatforms) = preSolution
		Debug|Any CPU = Debug|Any CPU
		Release|Any CPU = Release|Any CPU
	EndGlobalSection
	GlobalSection(ProjectConfigurationPlatforms) = postSolution
		{E1DB2C04-F49B-41FF-A8BE-0B3E21951AF1}.Debug|Any CPU.ActiveCfg = Debug|Any CPU
		{E1DB2C04-F49B-41FF-A8BE-0B3E21951AF1}.Debug|Any CPU.Build.0 = Debug|Any CPU
		{E1DB2C04-F49B-41FF-A8BE-0B3E21951AF1}.Release|Any CPU.ActiveCfg = Release|Any CPU
		{E1DB2C04-F49B-41FF-A8BE-0B3E21951AF1}.Release|Any CPU.Build.0 = Release|Any CPU
		{A7DEF80F-6F1D-4820-8F75-0A57F0919C6B}.Debug|Any CPU.ActiveCfg = Debug|Any CPU
		{A7DEF80F-6F1D-4820-8F75-0A57F0919C6B}.Debug|Any CPU.Build.0 = Debug|Any CPU
		{A7DEF80F-6F1D-4820-8F75-0A57F0919C6B}.Release|Any CPU.ActiveCfg = Release|Any CPU
		{A7DEF80F-6F1D-4820-8F75-0A57F0919C6B}.Release|Any CPU.Build.0 = Release|Any CPU
		{EB5EDD37-44FD-4D41-8635-041C67F7E381}.Debug|Any CPU.ActiveCfg = Debug|Any CPU
		{EB5EDD37-44FD-4D41-8635-041C67F7E381}.Debug|Any CPU.Build.0 = Debug|Any CPU
		{EB5EDD37-44FD-4D41-8635-041C67F7E381}.Release|Any CPU.ActiveCfg = Release|Any CPU
		{EB5EDD37-44FD-4D41-8635-041C67F7E381}.Release|Any CPU.Build.0 = Release|Any CPU
		{9D0B1727-6CB1-4D74-9ABD-D3EDD5223010}.Debug|Any CPU.ActiveCfg = Debug|Any CPU
		{9D0B1727-6CB1-4D74-9ABD-D3EDD5223010}.Debug|Any CPU.Build.0 = Debug|Any CPU
		{9D0B1727-6CB1-4D74-9ABD-D3EDD5223010}.Release|Any CPU.ActiveCfg = Release|Any CPU
		{9D0B1727-6CB1-4D74-9ABD-D3EDD5223010}.Release|Any CPU.Build.0 = Release|Any CPU
		{29364467-0948-4DAC-98C8-57BFAFBB3FBE}.Debug|Any CPU.ActiveCfg = Debug|Any CPU
		{29364467-0948-4DAC-98C8-57BFAFBB3FBE}.Debug|Any CPU.Build.0 = Debug|Any CPU
		{29364467-0948-4DAC-98C8-57BFAFBB3FBE}.Release|Any CPU.ActiveCfg = Release|Any CPU
		{29364467-0948-4DAC-98C8-57BFAFBB3FBE}.Release|Any CPU.Build.0 = Release|Any CPU
		{B2840813-E714-4F94-A1F8-0F104583A418}.Debug|Any CPU.ActiveCfg = Debug|Any CPU
		{B2840813-E714-4F94-A1F8-0F104583A418}.Debug|Any CPU.Build.0 = Debug|Any CPU
		{B2840813-E714-4F94-A1F8-0F104583A418}.Release|Any CPU.ActiveCfg = Release|Any CPU
		{B2840813-E714-4F94-A1F8-0F104583A418}.Release|Any CPU.Build.0 = Release|Any CPU
		{78BAA2CF-11B4-4EED-93FA-A9CCC919432A}.Debug|Any CPU.ActiveCfg = Debug|Any CPU
		{78BAA2CF-11B4-4EED-93FA-A9CCC919432A}.Debug|Any CPU.Build.0 = Debug|Any CPU
		{78BAA2CF-11B4-4EED-93FA-A9CCC919432A}.Release|Any CPU.ActiveCfg = Release|Any CPU
		{78BAA2CF-11B4-4EED-93FA-A9CCC919432A}.Release|Any CPU.Build.0 = Release|Any CPU
		{87C5575B-95E3-4BED-84F3-BFE1D990A8F7}.Debug|Any CPU.ActiveCfg = Debug|Any CPU
		{87C5575B-95E3-4BED-84F3-BFE1D990A8F7}.Debug|Any CPU.Build.0 = Debug|Any CPU
		{87C5575B-95E3-4BED-84F3-BFE1D990A8F7}.Release|Any CPU.ActiveCfg = Release|Any CPU
		{87C5575B-95E3-4BED-84F3-BFE1D990A8F7}.Release|Any CPU.Build.0 = Release|Any CPU
		{DAC41600-7F24-4C44-9500-EF39DE1E2233}.Debug|Any CPU.ActiveCfg = Debug|Any CPU
		{DAC41600-7F24-4C44-9500-EF39DE1E2233}.Debug|Any CPU.Build.0 = Debug|Any CPU
		{DAC41600-7F24-4C44-9500-EF39DE1E2233}.Release|Any CPU.ActiveCfg = Release|Any CPU
		{DAC41600-7F24-4C44-9500-EF39DE1E2233}.Release|Any CPU.Build.0 = Release|Any CPU
		{D693778D-C7CF-438B-A984-7E041285316B}.Debug|Any CPU.ActiveCfg = Debug|Any CPU
		{D693778D-C7CF-438B-A984-7E041285316B}.Debug|Any CPU.Build.0 = Debug|Any CPU
		{D693778D-C7CF-438B-A984-7E041285316B}.Release|Any CPU.ActiveCfg = Release|Any CPU
		{D693778D-C7CF-438B-A984-7E041285316B}.Release|Any CPU.Build.0 = Release|Any CPU
		{624CCE4C-DA77-4F2B-8AA6-EAF0D1EC97EF}.Debug|Any CPU.ActiveCfg = Debug|Any CPU
		{624CCE4C-DA77-4F2B-8AA6-EAF0D1EC97EF}.Debug|Any CPU.Build.0 = Debug|Any CPU
		{624CCE4C-DA77-4F2B-8AA6-EAF0D1EC97EF}.Release|Any CPU.ActiveCfg = Release|Any CPU
		{624CCE4C-DA77-4F2B-8AA6-EAF0D1EC97EF}.Release|Any CPU.Build.0 = Release|Any CPU
		{517B27BD-1271-4E3D-AF8C-2B5380743619}.Debug|Any CPU.ActiveCfg = Debug|Any CPU
		{517B27BD-1271-4E3D-AF8C-2B5380743619}.Debug|Any CPU.Build.0 = Debug|Any CPU
		{517B27BD-1271-4E3D-AF8C-2B5380743619}.Release|Any CPU.ActiveCfg = Release|Any CPU
		{517B27BD-1271-4E3D-AF8C-2B5380743619}.Release|Any CPU.Build.0 = Release|Any CPU
		{DA58D7E5-DA19-4EF3-A2C5-F997E8B3A655}.Debug|Any CPU.ActiveCfg = Debug|Any CPU
		{DA58D7E5-DA19-4EF3-A2C5-F997E8B3A655}.Debug|Any CPU.Build.0 = Debug|Any CPU
		{DA58D7E5-DA19-4EF3-A2C5-F997E8B3A655}.Release|Any CPU.ActiveCfg = Release|Any CPU
		{DA58D7E5-DA19-4EF3-A2C5-F997E8B3A655}.Release|Any CPU.Build.0 = Release|Any CPU
		{CA05B600-E5EA-406F-87E3-BA18ED7DB09B}.Debug|Any CPU.ActiveCfg = Debug|Any CPU
		{CA05B600-E5EA-406F-87E3-BA18ED7DB09B}.Debug|Any CPU.Build.0 = Debug|Any CPU
		{CA05B600-E5EA-406F-87E3-BA18ED7DB09B}.Release|Any CPU.ActiveCfg = Release|Any CPU
		{CA05B600-E5EA-406F-87E3-BA18ED7DB09B}.Release|Any CPU.Build.0 = Release|Any CPU
		{56EFD4A3-52B6-4010-A2A0-2D9BE1255118}.Debug|Any CPU.ActiveCfg = Debug|Any CPU
		{56EFD4A3-52B6-4010-A2A0-2D9BE1255118}.Debug|Any CPU.Build.0 = Debug|Any CPU
		{56EFD4A3-52B6-4010-A2A0-2D9BE1255118}.Release|Any CPU.ActiveCfg = Release|Any CPU
		{56EFD4A3-52B6-4010-A2A0-2D9BE1255118}.Release|Any CPU.Build.0 = Release|Any CPU
		{DEF12DE6-3A99-4C30-87FE-B1ADAC2F1456}.Debug|Any CPU.ActiveCfg = Debug|Any CPU
		{DEF12DE6-3A99-4C30-87FE-B1ADAC2F1456}.Debug|Any CPU.Build.0 = Debug|Any CPU
		{DEF12DE6-3A99-4C30-87FE-B1ADAC2F1456}.Release|Any CPU.ActiveCfg = Release|Any CPU
		{DEF12DE6-3A99-4C30-87FE-B1ADAC2F1456}.Release|Any CPU.Build.0 = Release|Any CPU
		{8A7EBC80-EAD6-4D80-B402-2303B67F0C00}.Debug|Any CPU.ActiveCfg = Debug|Any CPU
		{8A7EBC80-EAD6-4D80-B402-2303B67F0C00}.Debug|Any CPU.Build.0 = Debug|Any CPU
		{8A7EBC80-EAD6-4D80-B402-2303B67F0C00}.Release|Any CPU.ActiveCfg = Release|Any CPU
		{8A7EBC80-EAD6-4D80-B402-2303B67F0C00}.Release|Any CPU.Build.0 = Release|Any CPU
		{144C13DD-6ADC-4AF2-8F63-AEDE0CC63F73}.Debug|Any CPU.ActiveCfg = Debug|Any CPU
		{144C13DD-6ADC-4AF2-8F63-AEDE0CC63F73}.Debug|Any CPU.Build.0 = Debug|Any CPU
		{144C13DD-6ADC-4AF2-8F63-AEDE0CC63F73}.Release|Any CPU.ActiveCfg = Release|Any CPU
		{144C13DD-6ADC-4AF2-8F63-AEDE0CC63F73}.Release|Any CPU.Build.0 = Release|Any CPU
		{D9FE9CF9-37F2-4618-8483-1C6731957919}.Debug|Any CPU.ActiveCfg = Debug|Any CPU
		{D9FE9CF9-37F2-4618-8483-1C6731957919}.Debug|Any CPU.Build.0 = Debug|Any CPU
		{D9FE9CF9-37F2-4618-8483-1C6731957919}.Release|Any CPU.ActiveCfg = Release|Any CPU
		{D9FE9CF9-37F2-4618-8483-1C6731957919}.Release|Any CPU.Build.0 = Release|Any CPU
	EndGlobalSection
	GlobalSection(SolutionProperties) = preSolution
		HideSolutionNode = FALSE
	EndGlobalSection
	GlobalSection(NestedProjects) = preSolution
		{E1DB2C04-F49B-41FF-A8BE-0B3E21951AF1} = {0DB38D75-D64F-4277-8B9D-BD21C7855286}
		{A7DEF80F-6F1D-4820-8F75-0A57F0919C6B} = {0DB38D75-D64F-4277-8B9D-BD21C7855286}
		{EB5EDD37-44FD-4D41-8635-041C67F7E381} = {C572ACDF-4A83-46CE-BF13-0DFA30183268}
		{9D0B1727-6CB1-4D74-9ABD-D3EDD5223010} = {C572ACDF-4A83-46CE-BF13-0DFA30183268}
		{29364467-0948-4DAC-98C8-57BFAFBB3FBE} = {A6113465-883F-4290-9D10-7679F08BD115}
		{B2840813-E714-4F94-A1F8-0F104583A418} = {A6113465-883F-4290-9D10-7679F08BD115}
		{78BAA2CF-11B4-4EED-93FA-A9CCC919432A} = {209D1227-1B68-4386-A1D0-40037BA2D438}
		{87C5575B-95E3-4BED-84F3-BFE1D990A8F7} = {209D1227-1B68-4386-A1D0-40037BA2D438}
		{DAC41600-7F24-4C44-9500-EF39DE1E2233} = {209D1227-1B68-4386-A1D0-40037BA2D438}
		{D693778D-C7CF-438B-A984-7E041285316B} = {A6113465-883F-4290-9D10-7679F08BD115}
		{624CCE4C-DA77-4F2B-8AA6-EAF0D1EC97EF} = {A6113465-883F-4290-9D10-7679F08BD115}
		{517B27BD-1271-4E3D-AF8C-2B5380743619} = {A6113465-883F-4290-9D10-7679F08BD115}
		{DA58D7E5-DA19-4EF3-A2C5-F997E8B3A655} = {B364F2A1-4868-46CA-82B5-E506FD07E233}
		{CA05B600-E5EA-406F-87E3-BA18ED7DB09B} = {C572ACDF-4A83-46CE-BF13-0DFA30183268}
		{56EFD4A3-52B6-4010-A2A0-2D9BE1255118} = {C572ACDF-4A83-46CE-BF13-0DFA30183268}
		{DEF12DE6-3A99-4C30-87FE-B1ADAC2F1456} = {C572ACDF-4A83-46CE-BF13-0DFA30183268}
		{8A7EBC80-EAD6-4D80-B402-2303B67F0C00} = {C572ACDF-4A83-46CE-BF13-0DFA30183268}
		{D9FE9CF9-37F2-4618-8483-1C6731957919} = {C572ACDF-4A83-46CE-BF13-0DFA30183268}
	EndGlobalSection
	GlobalSection(ExtensibilityGlobals) = postSolution
		SolutionGuid = {B9BFFA79-6F36-452E-94B3-086F28FA3901}
	EndGlobalSection
EndGlobal
